{
    "_readme": [
        "This file locks the dependencies of your project to a known state",
        "Read more about it at https://getcomposer.org/doc/01-basic-usage.md#installing-dependencies",
        "This file is @generated automatically"
    ],
    "content-hash": "7f7a8b2efb33a1a028925e01c58fe7a6",
    "packages": [
        {
            "name": "estebanforge/hyperfields",
            "version": "1.1.6",
            "source": {
                "type": "git",
                "url": "https://github.com/EstebanForge/HyperFields.git",
                "reference": "b35abd095a53ae4bbbda0bb28026d13571a556f6"
            },
            "dist": {
                "type": "zip",
                "url": "https://api.github.com/repos/EstebanForge/HyperFields/zipball/b35abd095a53ae4bbbda0bb28026d13571a556f6",
                "reference": "b35abd095a53ae4bbbda0bb28026d13571a556f6",
                "shasum": ""
            },
            "require": {
                "php": ">=8.2"
            },
            "require-dev": {
                "brain/monkey": "^2",
                "friendsofphp/php-cs-fixer": "^3",
                "mockery/mockery": "^1",
                "pestphp/pest": "^4",
                "phpunit/phpunit": "^12"
            },
            "type": "library",
            "autoload": {
                "files": [
                    "includes/helpers.php",
                    "includes/backward-compatibility.php",
                    "bootstrap.php"
                ],
                "psr-4": {
                    "HyperFields\\": "src/"
                }
            },
            "notification-url": "https://packagist.org/downloads/",
            "license": [
                "GPL-2.0-or-later"
            ],
            "authors": [
                {
                    "name": "Esteban Cuevas",
                    "email": "esteban@actitud.xyz"
                }
            ],
            "description": "HyperFields: A powerful custom field system for WordPress, providing metaboxes, options pages, and conditional logic.",
            "support": {
                "issues": "https://github.com/EstebanForge/HyperFields/issues",
                "source": "https://github.com/EstebanForge/HyperFields/tree/1.1.6"
            },
            "time": "2026-03-30T16:25:07+00:00"
        }
    ],
    "packages-dev": [],
    "aliases": [],
    "minimum-stability": "stable",
    "stability-flags": {},
    "prefer-stable": false,
    "prefer-lowest": false,
    "platform": {
        "php": ">=8.3"
    },
    "platform-dev": {},
    "plugin-api-version": "2.9.0"
}
